
Microsoft Visual Studio Solution File, Format Version 12.00
# Visual Studio Version 16
VisualStudioVersion = 16.0.30114.105
MinimumVisualStudioVersion = 10.0.40219.1
Project("{9A19103F-16F7-4668-BE54-9A1E7A4F7556}") = "Peep", "Core\Peep\Peep.csproj", "{A7D1B085-CC04-478B-8840-912A9A972CC0}"
EndProject
Project("{9A19103F-16F7-4668-BE54-9A1E7A4F7556}") = "Peep.Tests", "Tests\Peep.Tests\Peep.Tests.csproj", "{1B2F0A17-55E9-410D-87CD-587732A6F80E}"
EndProject
Project("{9A19103F-16F7-4668-BE54-9A1E7A4F7556}") = "Peep.API", "API\Peep.API\Peep.API.csproj", "{6E85E048-D6CC-466C-804D-61C7C7446D5D}"
EndProject
Project("{2150E333-8FDC-42A3-9474-1A3956D46DE8}") = "Crawler", "Crawler", "{74E47E51-4C8C-47DA-A0DA-613BC09C885C}"
EndProject
Project("{2150E333-8FDC-42A3-9474-1A3956D46DE8}") = "API", "API", "{F1EB6935-E7C3-49AD-9596-CF2848390F9D}"
EndProject
Project("{2150E333-8FDC-42A3-9474-1A3956D46DE8}") = "Tests", "Tests", "{BE5CF83F-F4FD-404D-AF2A-301C2FD4ED13}"
EndProject
Project("{9A19103F-16F7-4668-BE54-9A1E7A4F7556}") = "Peep.API.Application", "API\Peep.API.Application\Peep.API.Application.csproj", "{89D25CB6-3C92-4859-AEE4-006A2D8689BE}"
EndProject
Project("{9A19103F-16F7-4668-BE54-9A1E7A4F7556}") = "Peep.Tests.API.Unit", "Tests\Peep.Tests.API.Unit\Peep.Tests.API.Unit.csproj", "{FDB3003D-5934-4448-8C39-0115205723B0}"
EndProject
Project("{9A19103F-16F7-4668-BE54-9A1E7A4F7556}") = "Peep.API.Models", "API\Peep.API.Models\Peep.API.Models.csproj", "{81122227-21AB-4C6E-8B11-9AB91773AF69}"
EndProject
Project("{2150E333-8FDC-42A3-9474-1A3956D46DE8}") = "Core", "Core", "{176576F6-D260-4A51-A3B1-CB13E3BD3D14}"
EndProject
Project("{9A19103F-16F7-4668-BE54-9A1E7A4F7556}") = "Peep.API.Persistence", "API\Peep.API.Persistence\Peep.API.Persistence.csproj", "{D02A1025-32A3-4EA0-BE6B-7B0495E34B80}"
EndProject
Project("{9A19103F-16F7-4668-BE54-9A1E7A4F7556}") = "Peep.Core.API", "Core\Peep.Core.API\Peep.Core.API.csproj", "{8BD65083-3492-4347-9EE8-E5F46C9BBD93}"
EndProject
Project("{9A19103F-16F7-4668-BE54-9A1E7A4F7556}") = "Peep.Crawler", "Crawler\Peep.Crawler\Peep.Crawler.csproj", "{9A1ED2E5-E6DD-4AC6-830F-706C01EB1DED}"
EndProject
Project("{9A19103F-16F7-4668-BE54-9A1E7A4F7556}") = "Peep.Core.Infrastructure", "Core\Peep.Core.Infrastructure\Peep.Core.Infrastructure.csproj", "{01EC3D80-5FA2-451B-B314-06280C4649D8}"
EndProject
Project("{9A19103F-16F7-4668-BE54-9A1E7A4F7556}") = "Peep.Tests.Core.Infrastructure", "Tests\Peep.Tests.Core.Infrastructure\Peep.Tests.Core.Infrastructure.csproj", "{24F74776-B930-4055-B747-820E21A07AB3}"
EndProject
Project("{9A19103F-16F7-4668-BE54-9A1E7A4F7556}") = "Peep.Tests.Crawler", "Tests\Peep.Tests.Crawler\Peep.Tests.Crawler.csproj", "{FE5D895A-7206-4916-A660-3A4C8D6D439E}"
EndProject
Project("{FAE04EC0-301F-11D3-BF4B-00C04F79EFBC}") = "Peep.Tests.Core.API", "Tests\Peep.Tests.Core.API\Peep.Tests.Core.API.csproj", "{903C4AB7-D708-4ED2-BB61-AE42AB5A6CBF}"
EndProject
Project("{FAE04EC0-301F-11D3-BF4B-00C04F79EFBC}") = "Peep.Crawler.Application", "Crawler\Peep.Crawler.Application\Peep.Crawler.Application.csproj", "{F904AA49-4A6C-4294-ACC7-93B5E2CCE078}"
EndProject
Project("{FAE04EC0-301F-11D3-BF4B-00C04F79EFBC}") = "Peep.Tests.Crawler.Unit", "Tests\Peep.Tests.Crawler.Unit\Peep.Tests.Crawler.Unit.csproj", "{8220318D-647B-43DB-8603-55E330FFA5B7}"
EndProject
Project("{FAE04EC0-301F-11D3-BF4B-00C04F79EFBC}") = "Peep.Tests.UrlFrontier", "Tests\Peep.Tests.UrlFrontier\Peep.Tests.UrlFrontier.csproj", "{A7C99231-B685-48BC-80F6-63467A4E289C}"
EndProject
Project("{FAE04EC0-301F-11D3-BF4B-00C04F79EFBC}") = "Peep.Tests.UrlFrontier.Unit", "Tests\Peep.Tests.UrlFrontier.Unit\Peep.Tests.UrlFrontier.Unit.csproj", "{74109CBE-DEDD-43E0-AB83-1EC77C223163}"
EndProject
Project("{2150E333-8FDC-42A3-9474-1A3956D46DE8}") = "UrlFrontier", "UrlFrontier", "{90863472-33B1-4678-A929-A2FED8CC64A9}"
EndProject
Project("{FAE04EC0-301F-11D3-BF4B-00C04F79EFBC}") = "Peep.UrlFrontier.Application", "UrlFrontier\Peep.UrlFrontier.Application\Peep.UrlFrontier.Application.csproj", "{257333A0-66A9-4B2E-94BB-1D9D7A86E5BB}"
EndProject
Project("{FAE04EC0-301F-11D3-BF4B-00C04F79EFBC}") = "Peep.UrlFrontier", "UrlFrontier\Peep.UrlFrontier\Peep.UrlFrontier.csproj", "{9A9C77A2-89AD-469E-9F89-50B9FFA25A5F}"
EndProject
Project("{FAE04EC0-301F-11D3-BF4B-00C04F79EFBC}") = "Peep.UrlFrontier.Client", "UrlFrontier\Peep.UrlFrontier.Client\Peep.UrlFrontier.Client.csproj", "{267FBEDE-157B-4574-A404-6F81312F46DD}"
EndProject
Project("{FAE04EC0-301F-11D3-BF4B-00C04F79EFBC}") = "Peep.Tests.UrlFrontier.Client", "Tests\Peep.Tests.UrlFrontier.Client\Peep.Tests.UrlFrontier.Client.csproj", "{E0596F08-01FB-48B1-A74B-03D335B78145}"
EndProject
Global
	GlobalSection(SolutionConfigurationPlatforms) = preSolution
		Debug|Any CPU = Debug|Any CPU
		Release|Any CPU = Release|Any CPU
	EndGlobalSection
	GlobalSection(ProjectConfigurationPlatforms) = postSolution
		{A7D1B085-CC04-478B-8840-912A9A972CC0}.Debug|Any CPU.ActiveCfg = Debug|Any CPU
		{A7D1B085-CC04-478B-8840-912A9A972CC0}.Debug|Any CPU.Build.0 = Debug|Any CPU
		{A7D1B085-CC04-478B-8840-912A9A972CC0}.Release|Any CPU.ActiveCfg = Release|Any CPU
		{A7D1B085-CC04-478B-8840-912A9A972CC0}.Release|Any CPU.Build.0 = Release|Any CPU
		{1B2F0A17-55E9-410D-87CD-587732A6F80E}.Debug|Any CPU.ActiveCfg = Debug|Any CPU
		{1B2F0A17-55E9-410D-87CD-587732A6F80E}.Debug|Any CPU.Build.0 = Debug|Any CPU
		{1B2F0A17-55E9-410D-87CD-587732A6F80E}.Release|Any CPU.ActiveCfg = Release|Any CPU
		{1B2F0A17-55E9-410D-87CD-587732A6F80E}.Release|Any CPU.Build.0 = Release|Any CPU
		{6E85E048-D6CC-466C-804D-61C7C7446D5D}.Debug|Any CPU.ActiveCfg = Debug|Any CPU
		{6E85E048-D6CC-466C-804D-61C7C7446D5D}.Debug|Any CPU.Build.0 = Debug|Any CPU
		{6E85E048-D6CC-466C-804D-61C7C7446D5D}.Release|Any CPU.ActiveCfg = Release|Any CPU
		{6E85E048-D6CC-466C-804D-61C7C7446D5D}.Release|Any CPU.Build.0 = Release|Any CPU
		{89D25CB6-3C92-4859-AEE4-006A2D8689BE}.Debug|Any CPU.ActiveCfg = Debug|Any CPU
		{89D25CB6-3C92-4859-AEE4-006A2D8689BE}.Debug|Any CPU.Build.0 = Debug|Any CPU
		{89D25CB6-3C92-4859-AEE4-006A2D8689BE}.Release|Any CPU.ActiveCfg = Release|Any CPU
		{89D25CB6-3C92-4859-AEE4-006A2D8689BE}.Release|Any CPU.Build.0 = Release|Any CPU
		{FDB3003D-5934-4448-8C39-0115205723B0}.Debug|Any CPU.ActiveCfg = Debug|Any CPU
		{FDB3003D-5934-4448-8C39-0115205723B0}.Debug|Any CPU.Build.0 = Debug|Any CPU
		{FDB3003D-5934-4448-8C39-0115205723B0}.Release|Any CPU.ActiveCfg = Release|Any CPU
		{FDB3003D-5934-4448-8C39-0115205723B0}.Release|Any CPU.Build.0 = Release|Any CPU
		{81122227-21AB-4C6E-8B11-9AB91773AF69}.Debug|Any CPU.ActiveCfg = Debug|Any CPU
		{81122227-21AB-4C6E-8B11-9AB91773AF69}.Debug|Any CPU.Build.0 = Debug|Any CPU
		{81122227-21AB-4C6E-8B11-9AB91773AF69}.Release|Any CPU.ActiveCfg = Release|Any CPU
		{81122227-21AB-4C6E-8B11-9AB91773AF69}.Release|Any CPU.Build.0 = Release|Any CPU
		{D02A1025-32A3-4EA0-BE6B-7B0495E34B80}.Debug|Any CPU.ActiveCfg = Debug|Any CPU
		{D02A1025-32A3-4EA0-BE6B-7B0495E34B80}.Debug|Any CPU.Build.0 = Debug|Any CPU
		{D02A1025-32A3-4EA0-BE6B-7B0495E34B80}.Release|Any CPU.ActiveCfg = Release|Any CPU
		{D02A1025-32A3-4EA0-BE6B-7B0495E34B80}.Release|Any CPU.Build.0 = Release|Any CPU
		{8BD65083-3492-4347-9EE8-E5F46C9BBD93}.Debug|Any CPU.ActiveCfg = Debug|Any CPU
		{8BD65083-3492-4347-9EE8-E5F46C9BBD93}.Debug|Any CPU.Build.0 = Debug|Any CPU
		{8BD65083-3492-4347-9EE8-E5F46C9BBD93}.Release|Any CPU.ActiveCfg = Release|Any CPU
		{8BD65083-3492-4347-9EE8-E5F46C9BBD93}.Release|Any CPU.Build.0 = Release|Any CPU
		{9A1ED2E5-E6DD-4AC6-830F-706C01EB1DED}.Debug|Any CPU.ActiveCfg = Debug|Any CPU
		{9A1ED2E5-E6DD-4AC6-830F-706C01EB1DED}.Debug|Any CPU.Build.0 = Debug|Any CPU
		{9A1ED2E5-E6DD-4AC6-830F-706C01EB1DED}.Release|Any CPU.ActiveCfg = Release|Any CPU
		{9A1ED2E5-E6DD-4AC6-830F-706C01EB1DED}.Release|Any CPU.Build.0 = Release|Any CPU
		{01EC3D80-5FA2-451B-B314-06280C4649D8}.Debug|Any CPU.ActiveCfg = Debug|Any CPU
		{01EC3D80-5FA2-451B-B314-06280C4649D8}.Debug|Any CPU.Build.0 = Debug|Any CPU
		{01EC3D80-5FA2-451B-B314-06280C4649D8}.Release|Any CPU.ActiveCfg = Release|Any CPU
		{01EC3D80-5FA2-451B-B314-06280C4649D8}.Release|Any CPU.Build.0 = Release|Any CPU
		{24F74776-B930-4055-B747-820E21A07AB3}.Debug|Any CPU.ActiveCfg = Debug|Any CPU
		{24F74776-B930-4055-B747-820E21A07AB3}.Debug|Any CPU.Build.0 = Debug|Any CPU
		{24F74776-B930-4055-B747-820E21A07AB3}.Release|Any CPU.ActiveCfg = Release|Any CPU
		{24F74776-B930-4055-B747-820E21A07AB3}.Release|Any CPU.Build.0 = Release|Any CPU
		{FE5D895A-7206-4916-A660-3A4C8D6D439E}.Debug|Any CPU.ActiveCfg = Debug|Any CPU
		{FE5D895A-7206-4916-A660-3A4C8D6D439E}.Debug|Any CPU.Build.0 = Debug|Any CPU
		{FE5D895A-7206-4916-A660-3A4C8D6D439E}.Release|Any CPU.ActiveCfg = Release|Any CPU
		{FE5D895A-7206-4916-A660-3A4C8D6D439E}.Release|Any CPU.Build.0 = Release|Any CPU
		{903C4AB7-D708-4ED2-BB61-AE42AB5A6CBF}.Debug|Any CPU.ActiveCfg = Debug|Any CPU
		{903C4AB7-D708-4ED2-BB61-AE42AB5A6CBF}.Debug|Any CPU.Build.0 = Debug|Any CPU
		{903C4AB7-D708-4ED2-BB61-AE42AB5A6CBF}.Release|Any CPU.ActiveCfg = Release|Any CPU
		{903C4AB7-D708-4ED2-BB61-AE42AB5A6CBF}.Release|Any CPU.Build.0 = Release|Any CPU
		{F904AA49-4A6C-4294-ACC7-93B5E2CCE078}.Debug|Any CPU.ActiveCfg = Debug|Any CPU
		{F904AA49-4A6C-4294-ACC7-93B5E2CCE078}.Debug|Any CPU.Build.0 = Debug|Any CPU
		{F904AA49-4A6C-4294-ACC7-93B5E2CCE078}.Release|Any CPU.ActiveCfg = Release|Any CPU
		{F904AA49-4A6C-4294-ACC7-93B5E2CCE078}.Release|Any CPU.Build.0 = Release|Any CPU
		{8220318D-647B-43DB-8603-55E330FFA5B7}.Debug|Any CPU.ActiveCfg = Debug|Any CPU
		{8220318D-647B-43DB-8603-55E330FFA5B7}.Debug|Any CPU.Build.0 = Debug|Any CPU
		{8220318D-647B-43DB-8603-55E330FFA5B7}.Release|Any CPU.ActiveCfg = Release|Any CPU
		{8220318D-647B-43DB-8603-55E330FFA5B7}.Release|Any CPU.Build.0 = Release|Any CPU
		{A7C99231-B685-48BC-80F6-63467A4E289C}.Debug|Any CPU.ActiveCfg = Debug|Any CPU
		{A7C99231-B685-48BC-80F6-63467A4E289C}.Debug|Any CPU.Build.0 = Debug|Any CPU
		{A7C99231-B685-48BC-80F6-63467A4E289C}.Release|Any CPU.ActiveCfg = Release|Any CPU
		{A7C99231-B685-48BC-80F6-63467A4E289C}.Release|Any CPU.Build.0 = Release|Any CPU
		{74109CBE-DEDD-43E0-AB83-1EC77C223163}.Debug|Any CPU.ActiveCfg = Debug|Any CPU
		{74109CBE-DEDD-43E0-AB83-1EC77C223163}.Debug|Any CPU.Build.0 = Debug|Any CPU
		{74109CBE-DEDD-43E0-AB83-1EC77C223163}.Release|Any CPU.ActiveCfg = Release|Any CPU
		{74109CBE-DEDD-43E0-AB83-1EC77C223163}.Release|Any CPU.Build.0 = Release|Any CPU
		{257333A0-66A9-4B2E-94BB-1D9D7A86E5BB}.Debug|Any CPU.ActiveCfg = Debug|Any CPU
		{257333A0-66A9-4B2E-94BB-1D9D7A86E5BB}.Debug|Any CPU.Build.0 = Debug|Any CPU
		{257333A0-66A9-4B2E-94BB-1D9D7A86E5BB}.Release|Any CPU.ActiveCfg = Release|Any CPU
		{257333A0-66A9-4B2E-94BB-1D9D7A86E5BB}.Release|Any CPU.Build.0 = Release|Any CPU
		{9A9C77A2-89AD-469E-9F89-50B9FFA25A5F}.Debug|Any CPU.ActiveCfg = Debug|Any CPU
		{9A9C77A2-89AD-469E-9F89-50B9FFA25A5F}.Debug|Any CPU.Build.0 = Debug|Any CPU
		{9A9C77A2-89AD-469E-9F89-50B9FFA25A5F}.Release|Any CPU.ActiveCfg = Release|Any CPU
		{9A9C77A2-89AD-469E-9F89-50B9FFA25A5F}.Release|Any CPU.Build.0 = Release|Any CPU
		{267FBEDE-157B-4574-A404-6F81312F46DD}.Debug|Any CPU.ActiveCfg = Debug|Any CPU
		{267FBEDE-157B-4574-A404-6F81312F46DD}.Debug|Any CPU.Build.0 = Debug|Any CPU
		{267FBEDE-157B-4574-A404-6F81312F46DD}.Release|Any CPU.ActiveCfg = Release|Any CPU
		{267FBEDE-157B-4574-A404-6F81312F46DD}.Release|Any CPU.Build.0 = Release|Any CPU
		{E0596F08-01FB-48B1-A74B-03D335B78145}.Debug|Any CPU.ActiveCfg = Debug|Any CPU
		{E0596F08-01FB-48B1-A74B-03D335B78145}.Debug|Any CPU.Build.0 = Debug|Any CPU
		{E0596F08-01FB-48B1-A74B-03D335B78145}.Release|Any CPU.ActiveCfg = Release|Any CPU
		{E0596F08-01FB-48B1-A74B-03D335B78145}.Release|Any CPU.Build.0 = Release|Any CPU
	EndGlobalSection
	GlobalSection(SolutionProperties) = preSolution
		HideSolutionNode = FALSE
	EndGlobalSection
	GlobalSection(NestedProjects) = preSolution
		{A7D1B085-CC04-478B-8840-912A9A972CC0} = {176576F6-D260-4A51-A3B1-CB13E3BD3D14}
		{1B2F0A17-55E9-410D-87CD-587732A6F80E} = {BE5CF83F-F4FD-404D-AF2A-301C2FD4ED13}
		{6E85E048-D6CC-466C-804D-61C7C7446D5D} = {F1EB6935-E7C3-49AD-9596-CF2848390F9D}
		{89D25CB6-3C92-4859-AEE4-006A2D8689BE} = {F1EB6935-E7C3-49AD-9596-CF2848390F9D}
		{FDB3003D-5934-4448-8C39-0115205723B0} = {BE5CF83F-F4FD-404D-AF2A-301C2FD4ED13}
		{81122227-21AB-4C6E-8B11-9AB91773AF69} = {F1EB6935-E7C3-49AD-9596-CF2848390F9D}
		{D02A1025-32A3-4EA0-BE6B-7B0495E34B80} = {F1EB6935-E7C3-49AD-9596-CF2848390F9D}
		{8BD65083-3492-4347-9EE8-E5F46C9BBD93} = {176576F6-D260-4A51-A3B1-CB13E3BD3D14}
		{9A1ED2E5-E6DD-4AC6-830F-706C01EB1DED} = {74E47E51-4C8C-47DA-A0DA-613BC09C885C}
		{01EC3D80-5FA2-451B-B314-06280C4649D8} = {176576F6-D260-4A51-A3B1-CB13E3BD3D14}
		{24F74776-B930-4055-B747-820E21A07AB3} = {BE5CF83F-F4FD-404D-AF2A-301C2FD4ED13}
		{FE5D895A-7206-4916-A660-3A4C8D6D439E} = {BE5CF83F-F4FD-404D-AF2A-301C2FD4ED13}
		{903C4AB7-D708-4ED2-BB61-AE42AB5A6CBF} = {BE5CF83F-F4FD-404D-AF2A-301C2FD4ED13}
		{F904AA49-4A6C-4294-ACC7-93B5E2CCE078} = {74E47E51-4C8C-47DA-A0DA-613BC09C885C}
		{8220318D-647B-43DB-8603-55E330FFA5B7} = {BE5CF83F-F4FD-404D-AF2A-301C2FD4ED13}
		{A7C99231-B685-48BC-80F6-63467A4E289C} = {BE5CF83F-F4FD-404D-AF2A-301C2FD4ED13}
		{74109CBE-DEDD-43E0-AB83-1EC77C223163} = {BE5CF83F-F4FD-404D-AF2A-301C2FD4ED13}
		{257333A0-66A9-4B2E-94BB-1D9D7A86E5BB} = {90863472-33B1-4678-A929-A2FED8CC64A9}
		{9A9C77A2-89AD-469E-9F89-50B9FFA25A5F} = {90863472-33B1-4678-A929-A2FED8CC64A9}
		{267FBEDE-157B-4574-A404-6F81312F46DD} = {90863472-33B1-4678-A929-A2FED8CC64A9}
		{E0596F08-01FB-48B1-A74B-03D335B78145} = {BE5CF83F-F4FD-404D-AF2A-301C2FD4ED13}
	EndGlobalSection
	GlobalSection(ExtensibilityGlobals) = postSolution
		SolutionGuid = {5987D7B7-0930-40A4-9AEC-8F1700B98701}
	EndGlobalSection
EndGlobal
