
Microsoft Visual Studio Solution File, Format Version 12.00
# Visual Studio Version 16
VisualStudioVersion = 16.0.30114.105
MinimumVisualStudioVersion = 10.0.40219.1
Project("{9A19103F-16F7-4668-BE54-9A1E7A4F7556}") = "Peep", "Crawler\Peep\Peep.csproj", "{A7D1B085-CC04-478B-8840-912A9A972CC0}"
EndProject
Project("{9A19103F-16F7-4668-BE54-9A1E7A4F7556}") = "Peep.Tests", "Tests\Peep.Tests\Peep.Tests.csproj", "{1B2F0A17-55E9-410D-87CD-587732A6F80E}"
EndProject
Project("{9A19103F-16F7-4668-BE54-9A1E7A4F7556}") = "Peep.API", "API\Peep.API\Peep.API.csproj", "{6E85E048-D6CC-466C-804D-61C7C7446D5D}"
EndProject
Project("{2150E333-8FDC-42A3-9474-1A3956D46DE8}") = "Crawler", "Crawler", "{74E47E51-4C8C-47DA-A0DA-613BC09C885C}"
EndProject
Project("{2150E333-8FDC-42A3-9474-1A3956D46DE8}") = "API", "API", "{F1EB6935-E7C3-49AD-9596-CF2848390F9D}"
EndProject
Project("{2150E333-8FDC-42A3-9474-1A3956D46DE8}") = "Tests", "Tests", "{BE5CF83F-F4FD-404D-AF2A-301C2FD4ED13}"
EndProject
Project("{9A19103F-16F7-4668-BE54-9A1E7A4F7556}") = "Peep.API.Application", "API\Peep.API.Application\Peep.API.Application.csproj", "{89D25CB6-3C92-4859-AEE4-006A2D8689BE}"
EndProject
Project("{9A19103F-16F7-4668-BE54-9A1E7A4F7556}") = "Peep.Tests.API.Unit", "Tests\Peep.Tests.API.Unit\Peep.Tests.API.Unit.csproj", "{FDB3003D-5934-4448-8C39-0115205723B0}"
EndProject
Project("{9A19103F-16F7-4668-BE54-9A1E7A4F7556}") = "Peep.Tests.API.Integration", "Tests\Peep.Tests.API.Integration\Peep.Tests.API.Integration.csproj", "{C7C6FF4D-7F6E-42EC-A0A9-4C3D7B67AE96}"
EndProject
Project("{9A19103F-16F7-4668-BE54-9A1E7A4F7556}") = "Peep.API.Models", "API\Peep.API.Models\Peep.API.Models.csproj", "{81122227-21AB-4C6E-8B11-9AB91773AF69}"
EndProject
Project("{2150E333-8FDC-42A3-9474-1A3956D46DE8}") = "Core", "Core", "{176576F6-D260-4A51-A3B1-CB13E3BD3D14}"
EndProject
Project("{9A19103F-16F7-4668-BE54-9A1E7A4F7556}") = "Peep.Core", "Core\Peep.Core\Peep.Core.csproj", "{F9D8A8C7-FBA1-48DA-966C-F5E4EDC3452A}"
EndProject
Project("{9A19103F-16F7-4668-BE54-9A1E7A4F7556}") = "Peep.Tests.Core", "Tests\Peep.Tests.Core\Peep.Tests.Core.csproj", "{6C693950-5150-4D9E-B2DE-C1BD4B2D26B7}"
EndProject
Project("{9A19103F-16F7-4668-BE54-9A1E7A4F7556}") = "Peep.API.Persistence", "API\Peep.API.Persistence\Peep.API.Persistence.csproj", "{D02A1025-32A3-4EA0-BE6B-7B0495E34B80}"
EndProject
Global
	GlobalSection(SolutionConfigurationPlatforms) = preSolution
		Debug|Any CPU = Debug|Any CPU
		Release|Any CPU = Release|Any CPU
	EndGlobalSection
	GlobalSection(ProjectConfigurationPlatforms) = postSolution
		{A7D1B085-CC04-478B-8840-912A9A972CC0}.Debug|Any CPU.ActiveCfg = Debug|Any CPU
		{A7D1B085-CC04-478B-8840-912A9A972CC0}.Debug|Any CPU.Build.0 = Debug|Any CPU
		{A7D1B085-CC04-478B-8840-912A9A972CC0}.Release|Any CPU.ActiveCfg = Release|Any CPU
		{A7D1B085-CC04-478B-8840-912A9A972CC0}.Release|Any CPU.Build.0 = Release|Any CPU
		{1B2F0A17-55E9-410D-87CD-587732A6F80E}.Debug|Any CPU.ActiveCfg = Debug|Any CPU
		{1B2F0A17-55E9-410D-87CD-587732A6F80E}.Debug|Any CPU.Build.0 = Debug|Any CPU
		{1B2F0A17-55E9-410D-87CD-587732A6F80E}.Release|Any CPU.ActiveCfg = Release|Any CPU
		{1B2F0A17-55E9-410D-87CD-587732A6F80E}.Release|Any CPU.Build.0 = Release|Any CPU
		{6E85E048-D6CC-466C-804D-61C7C7446D5D}.Debug|Any CPU.ActiveCfg = Debug|Any CPU
		{6E85E048-D6CC-466C-804D-61C7C7446D5D}.Debug|Any CPU.Build.0 = Debug|Any CPU
		{6E85E048-D6CC-466C-804D-61C7C7446D5D}.Release|Any CPU.ActiveCfg = Release|Any CPU
		{6E85E048-D6CC-466C-804D-61C7C7446D5D}.Release|Any CPU.Build.0 = Release|Any CPU
		{89D25CB6-3C92-4859-AEE4-006A2D8689BE}.Debug|Any CPU.ActiveCfg = Debug|Any CPU
		{89D25CB6-3C92-4859-AEE4-006A2D8689BE}.Debug|Any CPU.Build.0 = Debug|Any CPU
		{89D25CB6-3C92-4859-AEE4-006A2D8689BE}.Release|Any CPU.ActiveCfg = Release|Any CPU
		{89D25CB6-3C92-4859-AEE4-006A2D8689BE}.Release|Any CPU.Build.0 = Release|Any CPU
		{FDB3003D-5934-4448-8C39-0115205723B0}.Debug|Any CPU.ActiveCfg = Debug|Any CPU
		{FDB3003D-5934-4448-8C39-0115205723B0}.Debug|Any CPU.Build.0 = Debug|Any CPU
		{FDB3003D-5934-4448-8C39-0115205723B0}.Release|Any CPU.ActiveCfg = Release|Any CPU
		{FDB3003D-5934-4448-8C39-0115205723B0}.Release|Any CPU.Build.0 = Release|Any CPU
		{C7C6FF4D-7F6E-42EC-A0A9-4C3D7B67AE96}.Debug|Any CPU.ActiveCfg = Debug|Any CPU
		{C7C6FF4D-7F6E-42EC-A0A9-4C3D7B67AE96}.Debug|Any CPU.Build.0 = Debug|Any CPU
		{C7C6FF4D-7F6E-42EC-A0A9-4C3D7B67AE96}.Release|Any CPU.ActiveCfg = Release|Any CPU
		{C7C6FF4D-7F6E-42EC-A0A9-4C3D7B67AE96}.Release|Any CPU.Build.0 = Release|Any CPU
		{81122227-21AB-4C6E-8B11-9AB91773AF69}.Debug|Any CPU.ActiveCfg = Debug|Any CPU
		{81122227-21AB-4C6E-8B11-9AB91773AF69}.Debug|Any CPU.Build.0 = Debug|Any CPU
		{81122227-21AB-4C6E-8B11-9AB91773AF69}.Release|Any CPU.ActiveCfg = Release|Any CPU
		{81122227-21AB-4C6E-8B11-9AB91773AF69}.Release|Any CPU.Build.0 = Release|Any CPU
		{F9D8A8C7-FBA1-48DA-966C-F5E4EDC3452A}.Debug|Any CPU.ActiveCfg = Debug|Any CPU
		{F9D8A8C7-FBA1-48DA-966C-F5E4EDC3452A}.Debug|Any CPU.Build.0 = Debug|Any CPU
		{F9D8A8C7-FBA1-48DA-966C-F5E4EDC3452A}.Release|Any CPU.ActiveCfg = Release|Any CPU
		{F9D8A8C7-FBA1-48DA-966C-F5E4EDC3452A}.Release|Any CPU.Build.0 = Release|Any CPU
		{6C693950-5150-4D9E-B2DE-C1BD4B2D26B7}.Debug|Any CPU.ActiveCfg = Debug|Any CPU
		{6C693950-5150-4D9E-B2DE-C1BD4B2D26B7}.Debug|Any CPU.Build.0 = Debug|Any CPU
		{6C693950-5150-4D9E-B2DE-C1BD4B2D26B7}.Release|Any CPU.ActiveCfg = Release|Any CPU
		{6C693950-5150-4D9E-B2DE-C1BD4B2D26B7}.Release|Any CPU.Build.0 = Release|Any CPU
		{D02A1025-32A3-4EA0-BE6B-7B0495E34B80}.Debug|Any CPU.ActiveCfg = Debug|Any CPU
		{D02A1025-32A3-4EA0-BE6B-7B0495E34B80}.Debug|Any CPU.Build.0 = Debug|Any CPU
		{D02A1025-32A3-4EA0-BE6B-7B0495E34B80}.Release|Any CPU.ActiveCfg = Release|Any CPU
		{D02A1025-32A3-4EA0-BE6B-7B0495E34B80}.Release|Any CPU.Build.0 = Release|Any CPU
	EndGlobalSection
	GlobalSection(SolutionProperties) = preSolution
		HideSolutionNode = FALSE
	EndGlobalSection
	GlobalSection(NestedProjects) = preSolution
		{A7D1B085-CC04-478B-8840-912A9A972CC0} = {74E47E51-4C8C-47DA-A0DA-613BC09C885C}
		{1B2F0A17-55E9-410D-87CD-587732A6F80E} = {BE5CF83F-F4FD-404D-AF2A-301C2FD4ED13}
		{6E85E048-D6CC-466C-804D-61C7C7446D5D} = {F1EB6935-E7C3-49AD-9596-CF2848390F9D}
		{89D25CB6-3C92-4859-AEE4-006A2D8689BE} = {F1EB6935-E7C3-49AD-9596-CF2848390F9D}
		{FDB3003D-5934-4448-8C39-0115205723B0} = {BE5CF83F-F4FD-404D-AF2A-301C2FD4ED13}
		{C7C6FF4D-7F6E-42EC-A0A9-4C3D7B67AE96} = {BE5CF83F-F4FD-404D-AF2A-301C2FD4ED13}
		{81122227-21AB-4C6E-8B11-9AB91773AF69} = {F1EB6935-E7C3-49AD-9596-CF2848390F9D}
		{F9D8A8C7-FBA1-48DA-966C-F5E4EDC3452A} = {176576F6-D260-4A51-A3B1-CB13E3BD3D14}
		{6C693950-5150-4D9E-B2DE-C1BD4B2D26B7} = {BE5CF83F-F4FD-404D-AF2A-301C2FD4ED13}
		{D02A1025-32A3-4EA0-BE6B-7B0495E34B80} = {F1EB6935-E7C3-49AD-9596-CF2848390F9D}
	EndGlobalSection
	GlobalSection(ExtensibilityGlobals) = postSolution
		SolutionGuid = {5987D7B7-0930-40A4-9AEC-8F1700B98701}
	EndGlobalSection
EndGlobal
